
Microsoft Visual Studio Solution File, Format Version 12.00
# Visual Studio Version 16
VisualStudioVersion = 16.0.30804.86
MinimumVisualStudioVersion = 15.0.26124.0
Project("{2150E333-8FDC-42A3-9474-1A3956D46DE8}") = "src", "src", "{F9D2E0F8-7139-4767-81E9-00F354FC59B6}"
EndProject
Project("{2150E333-8FDC-42A3-9474-1A3956D46DE8}") = "Services", "Services", "{5B5DA7D6-7A6B-4296-A036-557E3CE934FA}"
EndProject
Project("{2150E333-8FDC-42A3-9474-1A3956D46DE8}") = "Flight", "Flight", "{BA5504F3-5651-4819-9B04-2A13F32B0BFD}"
EndProject
Project("{9A19103F-16F7-4668-BE54-9A1E7A4F7556}") = "Flight.Api", "src\Services\Flight\Flight.Api\Flight.Api.csproj", "{7B468B39-0FBC-462A-8B7F-028A46BC4942}"
EndProject
Project("{9A19103F-16F7-4668-BE54-9A1E7A4F7556}") = "Flight.Domain", "src\Services\Flight\Flight.Domain\Flight.Domain.csproj", "{E33363DB-91B3-4CF9-95B4-17CEE9F4EC14}"
EndProject
Project("{9A19103F-16F7-4668-BE54-9A1E7A4F7556}") = "Flight.Infrastructure", "src\Services\Flight\Flight.Infrastructure\Flight.Infrastructure.csproj", "{8341A4FC-6997-4EBF-A394-F21BC3EEB2BB}"
EndProject
Project("{2150E333-8FDC-42A3-9474-1A3956D46DE8}") = "Booking", "Booking", "{D2E0AF78-A955-4133-BF65-7CBB0C8C8065}"
EndProject
Project("{9A19103F-16F7-4668-BE54-9A1E7A4F7556}") = "Booking.Api", "src\Services\Booking\Booking.Api\Booking.Api.csproj", "{4F17C273-41C0-4732-982D-E6B8454B9224}"
EndProject
Project("{E53339B2-1760-4266-BCC7-CA923CBCF16C}") = "docker-compose", "docker-compose.dcproj", "{C9C69931-0FA2-425E-B03C-77C87E1220E9}"
EndProject
Project("{2150E333-8FDC-42A3-9474-1A3956D46DE8}") = "tests", "tests", "{A2782537-4A66-453D-ACC9-2B04746417A5}"
EndProject
Project("{9A19103F-16F7-4668-BE54-9A1E7A4F7556}") = "Flight.UnitTests", "src\Services\Flight\Flight.UnitTests\Flight.UnitTests.csproj", "{67EC5CBA-11B9-40E0-95FF-BA9227905AD5}"
EndProject
Global
	GlobalSection(SolutionConfigurationPlatforms) = preSolution
		Debug|Any CPU = Debug|Any CPU
		Debug|x64 = Debug|x64
		Debug|x86 = Debug|x86
		Release|Any CPU = Release|Any CPU
		Release|x64 = Release|x64
		Release|x86 = Release|x86
	EndGlobalSection
	GlobalSection(ProjectConfigurationPlatforms) = postSolution
		{7B468B39-0FBC-462A-8B7F-028A46BC4942}.Debug|Any CPU.ActiveCfg = Debug|Any CPU
		{7B468B39-0FBC-462A-8B7F-028A46BC4942}.Debug|Any CPU.Build.0 = Debug|Any CPU
		{7B468B39-0FBC-462A-8B7F-028A46BC4942}.Debug|x64.ActiveCfg = Debug|Any CPU
		{7B468B39-0FBC-462A-8B7F-028A46BC4942}.Debug|x64.Build.0 = Debug|Any CPU
		{7B468B39-0FBC-462A-8B7F-028A46BC4942}.Debug|x86.ActiveCfg = Debug|Any CPU
		{7B468B39-0FBC-462A-8B7F-028A46BC4942}.Debug|x86.Build.0 = Debug|Any CPU
		{7B468B39-0FBC-462A-8B7F-028A46BC4942}.Release|Any CPU.ActiveCfg = Release|Any CPU
		{7B468B39-0FBC-462A-8B7F-028A46BC4942}.Release|Any CPU.Build.0 = Release|Any CPU
		{7B468B39-0FBC-462A-8B7F-028A46BC4942}.Release|x64.ActiveCfg = Release|Any CPU
		{7B468B39-0FBC-462A-8B7F-028A46BC4942}.Release|x64.Build.0 = Release|Any CPU
		{7B468B39-0FBC-462A-8B7F-028A46BC4942}.Release|x86.ActiveCfg = Release|Any CPU
		{7B468B39-0FBC-462A-8B7F-028A46BC4942}.Release|x86.Build.0 = Release|Any CPU
		{E33363DB-91B3-4CF9-95B4-17CEE9F4EC14}.Debug|Any CPU.ActiveCfg = Debug|Any CPU
		{E33363DB-91B3-4CF9-95B4-17CEE9F4EC14}.Debug|Any CPU.Build.0 = Debug|Any CPU
		{E33363DB-91B3-4CF9-95B4-17CEE9F4EC14}.Debug|x64.ActiveCfg = Debug|Any CPU
		{E33363DB-91B3-4CF9-95B4-17CEE9F4EC14}.Debug|x64.Build.0 = Debug|Any CPU
		{E33363DB-91B3-4CF9-95B4-17CEE9F4EC14}.Debug|x86.ActiveCfg = Debug|Any CPU
		{E33363DB-91B3-4CF9-95B4-17CEE9F4EC14}.Debug|x86.Build.0 = Debug|Any CPU
		{E33363DB-91B3-4CF9-95B4-17CEE9F4EC14}.Release|Any CPU.ActiveCfg = Release|Any CPU
		{E33363DB-91B3-4CF9-95B4-17CEE9F4EC14}.Release|Any CPU.Build.0 = Release|Any CPU
		{E33363DB-91B3-4CF9-95B4-17CEE9F4EC14}.Release|x64.ActiveCfg = Release|Any CPU
		{E33363DB-91B3-4CF9-95B4-17CEE9F4EC14}.Release|x64.Build.0 = Release|Any CPU
		{E33363DB-91B3-4CF9-95B4-17CEE9F4EC14}.Release|x86.ActiveCfg = Release|Any CPU
		{E33363DB-91B3-4CF9-95B4-17CEE9F4EC14}.Release|x86.Build.0 = Release|Any CPU
		{8341A4FC-6997-4EBF-A394-F21BC3EEB2BB}.Debug|Any CPU.ActiveCfg = Debug|Any CPU
		{8341A4FC-6997-4EBF-A394-F21BC3EEB2BB}.Debug|Any CPU.Build.0 = Debug|Any CPU
		{8341A4FC-6997-4EBF-A394-F21BC3EEB2BB}.Debug|x64.ActiveCfg = Debug|Any CPU
		{8341A4FC-6997-4EBF-A394-F21BC3EEB2BB}.Debug|x64.Build.0 = Debug|Any CPU
		{8341A4FC-6997-4EBF-A394-F21BC3EEB2BB}.Debug|x86.ActiveCfg = Debug|Any CPU
		{8341A4FC-6997-4EBF-A394-F21BC3EEB2BB}.Debug|x86.Build.0 = Debug|Any CPU
		{8341A4FC-6997-4EBF-A394-F21BC3EEB2BB}.Release|Any CPU.ActiveCfg = Release|Any CPU
		{8341A4FC-6997-4EBF-A394-F21BC3EEB2BB}.Release|Any CPU.Build.0 = Release|Any CPU
		{8341A4FC-6997-4EBF-A394-F21BC3EEB2BB}.Release|x64.ActiveCfg = Release|Any CPU
		{8341A4FC-6997-4EBF-A394-F21BC3EEB2BB}.Release|x64.Build.0 = Release|Any CPU
		{8341A4FC-6997-4EBF-A394-F21BC3EEB2BB}.Release|x86.ActiveCfg = Release|Any CPU
		{8341A4FC-6997-4EBF-A394-F21BC3EEB2BB}.Release|x86.Build.0 = Release|Any CPU
		{4F17C273-41C0-4732-982D-E6B8454B9224}.Debug|Any CPU.ActiveCfg = Debug|Any CPU
		{4F17C273-41C0-4732-982D-E6B8454B9224}.Debug|Any CPU.Build.0 = Debug|Any CPU
		{4F17C273-41C0-4732-982D-E6B8454B9224}.Debug|x64.ActiveCfg = Debug|Any CPU
		{4F17C273-41C0-4732-982D-E6B8454B9224}.Debug|x64.Build.0 = Debug|Any CPU
		{4F17C273-41C0-4732-982D-E6B8454B9224}.Debug|x86.ActiveCfg = Debug|Any CPU
		{4F17C273-41C0-4732-982D-E6B8454B9224}.Debug|x86.Build.0 = Debug|Any CPU
		{4F17C273-41C0-4732-982D-E6B8454B9224}.Release|Any CPU.ActiveCfg = Release|Any CPU
		{4F17C273-41C0-4732-982D-E6B8454B9224}.Release|Any CPU.Build.0 = Release|Any CPU
		{4F17C273-41C0-4732-982D-E6B8454B9224}.Release|x64.ActiveCfg = Release|Any CPU
		{4F17C273-41C0-4732-982D-E6B8454B9224}.Release|x64.Build.0 = Release|Any CPU
		{4F17C273-41C0-4732-982D-E6B8454B9224}.Release|x86.ActiveCfg = Release|Any CPU
		{4F17C273-41C0-4732-982D-E6B8454B9224}.Release|x86.Build.0 = Release|Any CPU
		{C9C69931-0FA2-425E-B03C-77C87E1220E9}.Debug|Any CPU.ActiveCfg = Debug|Any CPU
		{C9C69931-0FA2-425E-B03C-77C87E1220E9}.Debug|Any CPU.Build.0 = Debug|Any CPU
		{C9C69931-0FA2-425E-B03C-77C87E1220E9}.Debug|x64.ActiveCfg = Debug|Any CPU
		{C9C69931-0FA2-425E-B03C-77C87E1220E9}.Debug|x64.Build.0 = Debug|Any CPU
		{C9C69931-0FA2-425E-B03C-77C87E1220E9}.Debug|x86.ActiveCfg = Debug|Any CPU
		{C9C69931-0FA2-425E-B03C-77C87E1220E9}.Debug|x86.Build.0 = Debug|Any CPU
		{C9C69931-0FA2-425E-B03C-77C87E1220E9}.Release|Any CPU.ActiveCfg = Release|Any CPU
		{C9C69931-0FA2-425E-B03C-77C87E1220E9}.Release|Any CPU.Build.0 = Release|Any CPU
		{C9C69931-0FA2-425E-B03C-77C87E1220E9}.Release|x64.ActiveCfg = Release|Any CPU
		{C9C69931-0FA2-425E-B03C-77C87E1220E9}.Release|x64.Build.0 = Release|Any CPU
		{C9C69931-0FA2-425E-B03C-77C87E1220E9}.Release|x86.ActiveCfg = Release|Any CPU
		{C9C69931-0FA2-425E-B03C-77C87E1220E9}.Release|x86.Build.0 = Release|Any CPU
		{67EC5CBA-11B9-40E0-95FF-BA9227905AD5}.Debug|Any CPU.ActiveCfg = Debug|Any CPU
		{67EC5CBA-11B9-40E0-95FF-BA9227905AD5}.Debug|Any CPU.Build.0 = Debug|Any CPU
		{67EC5CBA-11B9-40E0-95FF-BA9227905AD5}.Debug|x64.ActiveCfg = Debug|Any CPU
		{67EC5CBA-11B9-40E0-95FF-BA9227905AD5}.Debug|x64.Build.0 = Debug|Any CPU
		{67EC5CBA-11B9-40E0-95FF-BA9227905AD5}.Debug|x86.ActiveCfg = Debug|Any CPU
		{67EC5CBA-11B9-40E0-95FF-BA9227905AD5}.Debug|x86.Build.0 = Debug|Any CPU
		{67EC5CBA-11B9-40E0-95FF-BA9227905AD5}.Release|Any CPU.ActiveCfg = Release|Any CPU
		{67EC5CBA-11B9-40E0-95FF-BA9227905AD5}.Release|Any CPU.Build.0 = Release|Any CPU
		{67EC5CBA-11B9-40E0-95FF-BA9227905AD5}.Release|x64.ActiveCfg = Release|Any CPU
		{67EC5CBA-11B9-40E0-95FF-BA9227905AD5}.Release|x64.Build.0 = Release|Any CPU
		{67EC5CBA-11B9-40E0-95FF-BA9227905AD5}.Release|x86.ActiveCfg = Release|Any CPU
		{67EC5CBA-11B9-40E0-95FF-BA9227905AD5}.Release|x86.Build.0 = Release|Any CPU
	EndGlobalSection
	GlobalSection(SolutionProperties) = preSolution
		HideSolutionNode = FALSE
	EndGlobalSection
	GlobalSection(NestedProjects) = preSolution
		{5B5DA7D6-7A6B-4296-A036-557E3CE934FA} = {F9D2E0F8-7139-4767-81E9-00F354FC59B6}
		{BA5504F3-5651-4819-9B04-2A13F32B0BFD} = {5B5DA7D6-7A6B-4296-A036-557E3CE934FA}
		{7B468B39-0FBC-462A-8B7F-028A46BC4942} = {BA5504F3-5651-4819-9B04-2A13F32B0BFD}
		{E33363DB-91B3-4CF9-95B4-17CEE9F4EC14} = {BA5504F3-5651-4819-9B04-2A13F32B0BFD}
		{8341A4FC-6997-4EBF-A394-F21BC3EEB2BB} = {BA5504F3-5651-4819-9B04-2A13F32B0BFD}
		{D2E0AF78-A955-4133-BF65-7CBB0C8C8065} = {5B5DA7D6-7A6B-4296-A036-557E3CE934FA}
		{4F17C273-41C0-4732-982D-E6B8454B9224} = {D2E0AF78-A955-4133-BF65-7CBB0C8C8065}
		{A2782537-4A66-453D-ACC9-2B04746417A5} = {BA5504F3-5651-4819-9B04-2A13F32B0BFD}
		{67EC5CBA-11B9-40E0-95FF-BA9227905AD5} = {A2782537-4A66-453D-ACC9-2B04746417A5}
	EndGlobalSection
	GlobalSection(ExtensibilityGlobals) = postSolution
		SolutionGuid = {544D4675-A134-48E2-A29A-4D961F3DFDA4}
	EndGlobalSection
EndGlobal
